
Microsoft Visual Studio Solution File, Format Version 12.00
# Visual Studio 15
VisualStudioVersion = 15.0.27130.2036
MinimumVisualStudioVersion = 10.0.40219.1
Project("{8BC9CEB8-8B4A-11D0-8D11-00A0C91BC942}") = "PP01.HelloSDL", "PP01.HelloSDL\PP01.HelloSDL.vcxproj", "{4C2B4C48-E1A8-46E4-9314-A1BDF7D1FA42}"
EndProject
Global
	GlobalSection(SolutionConfigurationPlatforms) = preSolution
		Debug|x64 = Debug|x64
		Debug|x86 = Debug|x86
		Release|x64 = Release|x64
		Release|x86 = Release|x86
	EndGlobalSection
	GlobalSection(ProjectConfigurationPlatforms) = postSolution
		{4C2B4C48-E1A8-46E4-9314-A1BDF7D1FA42}.Debug|x64.ActiveCfg = Debug|x64
		{4C2B4C48-E1A8-46E4-9314-A1BDF7D1FA42}.Debug|x64.Build.0 = Debug|x64
		{4C2B4C48-E1A8-46E4-9314-A1BDF7D1FA42}.Debug|x86.ActiveCfg = Debug|Win32
		{4C2B4C48-E1A8-46E4-9314-A1BDF7D1FA42}.Debug|x86.Build.0 = Debug|Win32
		{4C2B4C48-E1A8-46E4-9314-A1BDF7D1FA42}.Release|x64.ActiveCfg = Release|x64
		{4C2B4C48-E1A8-46E4-9314-A1BDF7D1FA42}.Release|x64.Build.0 = Release|x64
		{4C2B4C48-E1A8-46E4-9314-A1BDF7D1FA42}.Release|x86.ActiveCfg = Release|Win32
		{4C2B4C48-E1A8-46E4-9314-A1BDF7D1FA42}.Release|x86.Build.0 = Release|Win32
	EndGlobalSection
	GlobalSection(SolutionProperties) = preSolution
		HideSolutionNode = FALSE
	EndGlobalSection
	GlobalSection(ExtensibilityGlobals) = postSolution
		SolutionGuid = {E2013F2A-204B-4BC2-A3D2-F561FE57DEB9}
	EndGlobalSection
EndGlobal
